
Microsoft Visual Studio Solution File, Format Version 12.00
# Visual Studio Version 17
VisualStudioVersion = 17.5.33414.496
MinimumVisualStudioVersion = 10.0.40219.1
Project("{D2ABAB84-BF74-430A-B69E-9DC6D40DDA17}") = "BT_lan2_OLAP", "BT_lan2_OLAP\BT_lan2_OLAP.dwproj", "{A05B9AD4-5E61-4C0B-AA5E-25C350F6D825}"
EndProject
Global
	GlobalSection(SolutionConfigurationPlatforms) = preSolution
		Development|Default = Development|Default
	EndGlobalSection
	GlobalSection(ProjectConfigurationPlatforms) = postSolution
		{A05B9AD4-5E61-4C0B-AA5E-25C350F6D825}.Development|Default.ActiveCfg = Development
		{A05B9AD4-5E61-4C0B-AA5E-25C350F6D825}.Development|Default.Build.0 = Development
		{A05B9AD4-5E61-4C0B-AA5E-25C350F6D825}.Development|Default.Deploy.0 = Development
	EndGlobalSection
	GlobalSection(SolutionProperties) = preSolution
		HideSolutionNode = FALSE
	EndGlobalSection
	GlobalSection(ExtensibilityGlobals) = postSolution
		SolutionGuid = {4F6B974C-83FF-4BF7-B3C0-E39570C93648}
	EndGlobalSection
EndGlobal
